
Microsoft Visual Studio Solution File, Format Version 12.00
# Visual Studio 15
VisualStudioVersion = 15.0.28307.1062
MinimumVisualStudioVersion = 10.0.40219.1
Project("{FAE04EC0-301F-11D3-BF4B-00C04F79EFBC}") = "GmailBot", "GmailBot\GmailBot.csproj", "{4A40F28D-AA39-488D-8939-B761379CE38A}"
EndProject
Global
	GlobalSection(SolutionConfigurationPlatforms) = preSolution
		Debug|Any CPU = Debug|Any CPU
		Release|Any CPU = Release|Any CPU
	EndGlobalSection
	GlobalSection(ProjectConfigurationPlatforms) = postSolution
		{4A40F28D-AA39-488D-8939-B761379CE38A}.Debug|Any CPU.ActiveCfg = Debug|Any CPU
		{4A40F28D-AA39-488D-8939-B761379CE38A}.Debug|Any CPU.Build.0 = Debug|Any CPU
		{4A40F28D-AA39-488D-8939-B761379CE38A}.Release|Any CPU.ActiveCfg = Release|Any CPU
		{4A40F28D-AA39-488D-8939-B761379CE38A}.Release|Any CPU.Build.0 = Release|Any CPU
	EndGlobalSection
	GlobalSection(SolutionProperties) = preSolution
		HideSolutionNode = FALSE
	EndGlobalSection
	GlobalSection(ExtensibilityGlobals) = postSolution
		SolutionGuid = {79CD3FEC-A285-46E0-839F-27F1CA21E61E}
	EndGlobalSection
EndGlobal
